
Microsoft Visual Studio Solution File, Format Version 12.00
Project("{FAE04EC0-301F-11D3-BF4B-00C04F79EFBC}") = "AzureCognitiveSearch.Abstractions", "AzureCognitiveSearch.Abstractions\AzureCognitiveSearch.Abstractions.csproj", "{201C9ECD-51A3-4566-B72F-FEC3574B2544}"
EndProject
Project("{FAE04EC0-301F-11D3-BF4B-00C04F79EFBC}") = "AzureCognitiveSearch.Applications", "AzureCognitiveSearch.Applications\AzureCognitiveSearch.Applications.csproj", "{6B2E9E1F-73FF-4523-8434-76D64662CC97}"
EndProject
Project("{FAE04EC0-301F-11D3-BF4B-00C04F79EFBC}") = "AzureCognitiveSearch.Extensions", "AzureCognitiveSearch.Extensions\AzureCognitiveSearch.Extensions.csproj", "{CC681BEA-2029-4C89-B8C4-09B90DEFC965}"
EndProject
Project("{2150E333-8FDC-42A3-9474-1A3956D46DE8}") = "Core", "Core", "{716CB0C0-FF0C-4C37-BE89-B6A72A5A0DF9}"
EndProject
Project("{2150E333-8FDC-42A3-9474-1A3956D46DE8}") = "DependencyInjection", "DependencyInjection", "{7051963D-5B46-4046-A489-D7013DAD09A7}"
EndProject
Project("{FAE04EC0-301F-11D3-BF4B-00C04F79EFBC}") = "AzureCognitiveSearch.Standard.DI", "AzureCognitiveSearch.Standard.DI\AzureCognitiveSearch.Standard.DI.csproj", "{C20B3815-279A-436C-8351-E8010EBE3785}"
EndProject
Project("{2150E333-8FDC-42A3-9474-1A3956D46DE8}") = "Helpers", "Helpers", "{CC0D8417-5CA1-466F-8F94-184ADB0DC2FF}"
EndProject
Project("{FAE04EC0-301F-11D3-BF4B-00C04F79EFBC}") = "AzureCognitiveSearch.OData", "AzureCognitiveSearch.OData\AzureCognitiveSearch.OData.csproj", "{D1F96DF7-CB2B-484C-AF07-7077207E5EC9}"
EndProject
Project("{2150E333-8FDC-42A3-9474-1A3956D46DE8}") = "QueryRunners", "QueryRunners", "{1598D2FC-BC1C-4C6E-A0F8-2683A65E1626}"
EndProject
Project("{2150E333-8FDC-42A3-9474-1A3956D46DE8}") = "V1", "V1", "{94377A2E-0A9F-44F9-8C16-A236EA49D5F6}"
EndProject
Project("{FAE04EC0-301F-11D3-BF4B-00C04F79EFBC}") = "AzureCognitiveSearch.QueryRunnerV1", "AzureCognitiveSearch.QueryRunnerV1\AzureCognitiveSearch.QueryRunnerV1.csproj", "{C78F4D8A-5F53-4A9E-9C79-34E6563A6AEA}"
EndProject
Project("{FAE04EC0-301F-11D3-BF4B-00C04F79EFBC}") = "AzureCognitiveSearch.OData.Test", "AzureCognitiveSearch.OData.Test\AzureCognitiveSearch.OData.Test.csproj", "{14B7046B-1BCC-4840-A908-9D587A6937D9}"
EndProject
Project("{FAE04EC0-301F-11D3-BF4B-00C04F79EFBC}") = "AzureCognitiveSearch.Facets", "AzureCognitiveSearch.Facets\AzureCognitiveSearch.Facets.csproj", "{65A26A09-576B-4A0E-AF78-F5F5DAA2B411}"
EndProject
Project("{2150E333-8FDC-42A3-9474-1A3956D46DE8}") = "Samples", "Samples", "{371825B6-9553-45BD-86A2-B3FB1EF7E992}"
EndProject
Project("{2150E333-8FDC-42A3-9474-1A3956D46DE8}") = "DependencyInjection", "DependencyInjection", "{63CCC5F6-314F-4731-8CCC-6D10988CC4A0}"
EndProject
Project("{FAE04EC0-301F-11D3-BF4B-00C04F79EFBC}") = "Sample.AzureCognitiveSearch.DI", "Sample.AzureCognitiveSearch.DI\Sample.AzureCognitiveSearch.DI.csproj", "{422D8424-54D1-4286-87A1-219D51147455}"
EndProject
Global
	GlobalSection(SolutionConfigurationPlatforms) = preSolution
		Debug|Any CPU = Debug|Any CPU
		Release|Any CPU = Release|Any CPU
	EndGlobalSection
	GlobalSection(ProjectConfigurationPlatforms) = postSolution
		{201C9ECD-51A3-4566-B72F-FEC3574B2544}.Debug|Any CPU.ActiveCfg = Debug|Any CPU
		{201C9ECD-51A3-4566-B72F-FEC3574B2544}.Debug|Any CPU.Build.0 = Debug|Any CPU
		{201C9ECD-51A3-4566-B72F-FEC3574B2544}.Release|Any CPU.ActiveCfg = Release|Any CPU
		{201C9ECD-51A3-4566-B72F-FEC3574B2544}.Release|Any CPU.Build.0 = Release|Any CPU
		{6B2E9E1F-73FF-4523-8434-76D64662CC97}.Debug|Any CPU.ActiveCfg = Debug|Any CPU
		{6B2E9E1F-73FF-4523-8434-76D64662CC97}.Debug|Any CPU.Build.0 = Debug|Any CPU
		{6B2E9E1F-73FF-4523-8434-76D64662CC97}.Release|Any CPU.ActiveCfg = Release|Any CPU
		{6B2E9E1F-73FF-4523-8434-76D64662CC97}.Release|Any CPU.Build.0 = Release|Any CPU
		{CC681BEA-2029-4C89-B8C4-09B90DEFC965}.Debug|Any CPU.ActiveCfg = Debug|Any CPU
		{CC681BEA-2029-4C89-B8C4-09B90DEFC965}.Debug|Any CPU.Build.0 = Debug|Any CPU
		{CC681BEA-2029-4C89-B8C4-09B90DEFC965}.Release|Any CPU.ActiveCfg = Release|Any CPU
		{CC681BEA-2029-4C89-B8C4-09B90DEFC965}.Release|Any CPU.Build.0 = Release|Any CPU
		{C20B3815-279A-436C-8351-E8010EBE3785}.Debug|Any CPU.ActiveCfg = Debug|Any CPU
		{C20B3815-279A-436C-8351-E8010EBE3785}.Debug|Any CPU.Build.0 = Debug|Any CPU
		{C20B3815-279A-436C-8351-E8010EBE3785}.Release|Any CPU.ActiveCfg = Release|Any CPU
		{C20B3815-279A-436C-8351-E8010EBE3785}.Release|Any CPU.Build.0 = Release|Any CPU
		{D1F96DF7-CB2B-484C-AF07-7077207E5EC9}.Debug|Any CPU.ActiveCfg = Debug|Any CPU
		{D1F96DF7-CB2B-484C-AF07-7077207E5EC9}.Debug|Any CPU.Build.0 = Debug|Any CPU
		{D1F96DF7-CB2B-484C-AF07-7077207E5EC9}.Release|Any CPU.ActiveCfg = Release|Any CPU
		{D1F96DF7-CB2B-484C-AF07-7077207E5EC9}.Release|Any CPU.Build.0 = Release|Any CPU
		{C78F4D8A-5F53-4A9E-9C79-34E6563A6AEA}.Debug|Any CPU.ActiveCfg = Debug|Any CPU
		{C78F4D8A-5F53-4A9E-9C79-34E6563A6AEA}.Debug|Any CPU.Build.0 = Debug|Any CPU
		{C78F4D8A-5F53-4A9E-9C79-34E6563A6AEA}.Release|Any CPU.ActiveCfg = Release|Any CPU
		{C78F4D8A-5F53-4A9E-9C79-34E6563A6AEA}.Release|Any CPU.Build.0 = Release|Any CPU
		{14B7046B-1BCC-4840-A908-9D587A6937D9}.Debug|Any CPU.ActiveCfg = Debug|Any CPU
		{14B7046B-1BCC-4840-A908-9D587A6937D9}.Debug|Any CPU.Build.0 = Debug|Any CPU
		{14B7046B-1BCC-4840-A908-9D587A6937D9}.Release|Any CPU.ActiveCfg = Release|Any CPU
		{14B7046B-1BCC-4840-A908-9D587A6937D9}.Release|Any CPU.Build.0 = Release|Any CPU
		{65A26A09-576B-4A0E-AF78-F5F5DAA2B411}.Debug|Any CPU.ActiveCfg = Debug|Any CPU
		{65A26A09-576B-4A0E-AF78-F5F5DAA2B411}.Debug|Any CPU.Build.0 = Debug|Any CPU
		{65A26A09-576B-4A0E-AF78-F5F5DAA2B411}.Release|Any CPU.ActiveCfg = Release|Any CPU
		{65A26A09-576B-4A0E-AF78-F5F5DAA2B411}.Release|Any CPU.Build.0 = Release|Any CPU
		{422D8424-54D1-4286-87A1-219D51147455}.Debug|Any CPU.ActiveCfg = Debug|Any CPU
		{422D8424-54D1-4286-87A1-219D51147455}.Debug|Any CPU.Build.0 = Debug|Any CPU
		{422D8424-54D1-4286-87A1-219D51147455}.Release|Any CPU.ActiveCfg = Release|Any CPU
		{422D8424-54D1-4286-87A1-219D51147455}.Release|Any CPU.Build.0 = Release|Any CPU
	EndGlobalSection
	GlobalSection(NestedProjects) = preSolution
		{201C9ECD-51A3-4566-B72F-FEC3574B2544} = {716CB0C0-FF0C-4C37-BE89-B6A72A5A0DF9}
		{6B2E9E1F-73FF-4523-8434-76D64662CC97} = {716CB0C0-FF0C-4C37-BE89-B6A72A5A0DF9}
		{CC681BEA-2029-4C89-B8C4-09B90DEFC965} = {716CB0C0-FF0C-4C37-BE89-B6A72A5A0DF9}
		{D1F96DF7-CB2B-484C-AF07-7077207E5EC9} = {CC0D8417-5CA1-466F-8F94-184ADB0DC2FF}
		{94377A2E-0A9F-44F9-8C16-A236EA49D5F6} = {1598D2FC-BC1C-4C6E-A0F8-2683A65E1626}
		{C78F4D8A-5F53-4A9E-9C79-34E6563A6AEA} = {94377A2E-0A9F-44F9-8C16-A236EA49D5F6}
		{14B7046B-1BCC-4840-A908-9D587A6937D9} = {CC0D8417-5CA1-466F-8F94-184ADB0DC2FF}
		{C20B3815-279A-436C-8351-E8010EBE3785} = {7051963D-5B46-4046-A489-D7013DAD09A7}
		{65A26A09-576B-4A0E-AF78-F5F5DAA2B411} = {CC0D8417-5CA1-466F-8F94-184ADB0DC2FF}
		{63CCC5F6-314F-4731-8CCC-6D10988CC4A0} = {371825B6-9553-45BD-86A2-B3FB1EF7E992}
		{422D8424-54D1-4286-87A1-219D51147455} = {63CCC5F6-314F-4731-8CCC-6D10988CC4A0}
	EndGlobalSection
EndGlobal
